
Microsoft Visual Studio Solution File, Format Version 12.00
# Visual Studio Version 16
VisualStudioVersion = 16.0.31729.503
MinimumVisualStudioVersion = 10.0.40219.1
Project("{FAE04EC0-301F-11D3-BF4B-00C04F79EFBC}") = "Many projects", "Many projects\Many projects.csproj", "{AC8F63B9-E8BD-4C4C-8F81-9962C6D5BE97}"
EndProject
Project("{FAE04EC0-301F-11D3-BF4B-00C04F79EFBC}") = "Many projects 2", "Many projects 2\Many projects 2.csproj", "{4525E815-0721-4CFE-B2A6-717D25F8354D}"
EndProject
Global
	GlobalSection(SolutionConfigurationPlatforms) = preSolution
		Debug|Any CPU = Debug|Any CPU
		Release|Any CPU = Release|Any CPU
	EndGlobalSection
	GlobalSection(ProjectConfigurationPlatforms) = postSolution
		{AC8F63B9-E8BD-4C4C-8F81-9962C6D5BE97}.Debug|Any CPU.ActiveCfg = Debug|Any CPU
		{AC8F63B9-E8BD-4C4C-8F81-9962C6D5BE97}.Debug|Any CPU.Build.0 = Debug|Any CPU
		{AC8F63B9-E8BD-4C4C-8F81-9962C6D5BE97}.Release|Any CPU.ActiveCfg = Release|Any CPU
		{AC8F63B9-E8BD-4C4C-8F81-9962C6D5BE97}.Release|Any CPU.Build.0 = Release|Any CPU
		{4525E815-0721-4CFE-B2A6-717D25F8354D}.Debug|Any CPU.ActiveCfg = Debug|Any CPU
		{4525E815-0721-4CFE-B2A6-717D25F8354D}.Debug|Any CPU.Build.0 = Debug|Any CPU
		{4525E815-0721-4CFE-B2A6-717D25F8354D}.Release|Any CPU.ActiveCfg = Release|Any CPU
		{4525E815-0721-4CFE-B2A6-717D25F8354D}.Release|Any CPU.Build.0 = Release|Any CPU
	EndGlobalSection
	GlobalSection(SolutionProperties) = preSolution
		HideSolutionNode = FALSE
	EndGlobalSection
	GlobalSection(ExtensibilityGlobals) = postSolution
		SolutionGuid = {4C5F4BCA-199E-4588-994D-416170418C15}
	EndGlobalSection
EndGlobal
